<?xml version="1.0" encoding="utf-8"?>
<Project ToolsVersion="4.0" xmlns="http://schemas.microsoft.com/developer/msbuild/2003">
  <ItemGroup>
    <Filter Include="Source Files">
      <UniqueIdentifier>{4FC737F1-C7A5-4376-A066-2A32D752A2FF}</UniqueIdentifier>
      <Extensions>cpp;c;cc;cxx;c++;cppm;ixx;def;odl;idl;hpj;bat;asm;asmx</Extensions>
    </Filter>
    <Filter Include="Resource Files">
      <UniqueIdentifier>{67DA6AB6-F800-4c08-8B7A-83BB121AAD01}</UniqueIdentifier>
      <Extensions>rc;ico;cur;bmp;dlg;rc2;rct;bin;rgs;gif;jpg;jpeg;jpe;resx;tiff;tif;png;wav;mfcribbon-ms</Extensions>
    </Filter>
    <Filter Include="Include Files">
      <UniqueIdentifier>{93995380-89BD-4b04-88EB-625FBE52EBFB}</UniqueIdentifier>
      <Extensions>h;hh;hpp;hxx;h++;hm;inl;inc;ipp;xsd</Extensions>
    </Filter>
    <Filter Include="Include Files\imgui">
      <UniqueIdentifier>{e9c0bf4d-8e9f-49ff-bcfc-e5493918bcf8}</UniqueIdentifier>
    </Filter>
    <Filter Include="Include Files\implot">
      <UniqueIdentifier>{2e226653-c943-4140-9ad8-5248e83f5cea}</UniqueIdentifier>
    </Filter>
    <Filter Include="Header Files">
      <UniqueIdentifier>{dec9e08d-24b9-456f-be27-1e2f8a36d93b}</UniqueIdentifier>
    </Filter>
    <Filter Include="Include Files\imgui\backends">
      <UniqueIdentifier>{fb31605b-f06f-4dc7-aa90-e5c5174d0098}</UniqueIdentifier>
    </Filter>
    <Filter Include="Include Files\imgui\libs">
      <UniqueIdentifier>{6492d415-d57f-4243-b0f9-2a6c5cc33edf}</UniqueIdentifier>
    </Filter>
    <Filter Include="Include Files\jsoncpp">
      <UniqueIdentifier>{fa3c1549-915f-4231-9bc9-7f36be564ee2}</UniqueIdentifier>
    </Filter>
  </ItemGroup>
  <ItemGroup>
    <ClCompile Include="src\main.cpp">
      <Filter>Source Files</Filter>
    </ClCompile>
    <ClCompile Include="src\BoxerUI_View.cpp">
      <Filter>Source Files</Filter>
    </ClCompile>
    <ClCompile Include="src\BoxerUI_Controller.cpp">
      <Filter>Source Files</Filter>
    </ClCompile>
    <ClCompile Include="libs\imgui\imgui.cpp">
      <Filter>Include Files\imgui</Filter>
    </ClCompile>
    <ClCompile Include="libs\imgui\imgui_demo.cpp">
      <Filter>Include Files\imgui</Filter>
    </ClCompile>
    <ClCompile Include="libs\imgui\imgui_draw.cpp">
      <Filter>Include Files\imgui</Filter>
    </ClCompile>
    <ClCompile Include="libs\imgui\imgui_tables.cpp">
      <Filter>Include Files\imgui</Filter>
    </ClCompile>
    <ClCompile Include="libs\imgui\imgui_widgets.cpp">
      <Filter>Include Files\imgui</Filter>
    </ClCompile>
    <ClCompile Include="libs\imgui\backends\imgui_impl_opengl3.cpp">
      <Filter>Include Files\imgui\backends</Filter>
    </ClCompile>
    <ClCompile Include="libs\imgui\backends\imgui_impl_glfw.cpp">
      <Filter>Include Files\imgui\backends</Filter>
    </ClCompile>
    <ClCompile Include="libs\implot\implot_items.cpp">
      <Filter>Include Files\implot</Filter>
    </ClCompile>
    <ClCompile Include="libs\implot\implot_demo.cpp">
      <Filter>Include Files\implot</Filter>
    </ClCompile>
    <ClCompile Include="libs\implot\implot.cpp">
      <Filter>Include Files\implot</Filter>
    </ClCompile>
    <ClCompile Include="libs\imgui\examples\libs\gl3w\GL\gl3w.c">
      <Filter>Include Files\imgui\libs</Filter>
    </ClCompile>
    <ClCompile Include="libs\jsoncpp\jsoncpp.cpp">
      <Filter>Include Files\jsoncpp</Filter>
    </ClCompile>
    <ClCompile Include="src\CameraStream_View.cpp">
      <Filter>Source Files</Filter>
    </ClCompile>
    <ClCompile Include="src\Boxer.cpp">
      <Filter>Source Files</Filter>
    </ClCompile>
    <ClCompile Include="src\BoxerUI_Model.cpp">
      <Filter>Source Files</Filter>
    </ClCompile>
    <ClCompile Include="src\Inputs_Model.cpp">
      <Filter>Source Files</Filter>
    </ClCompile>
  </ItemGroup>
  <ItemGroup>
    <ClInclude Include="libs\imgui\imconfig.h">
      <Filter>Include Files\imgui</Filter>
    </ClInclude>
    <ClInclude Include="libs\imgui\imgui.h">
      <Filter>Include Files\imgui</Filter>
    </ClInclude>
    <ClInclude Include="libs\imgui\backends\imgui_impl_glfw.h">
      <Filter>Include Files\imgui</Filter>
    </ClInclude>
    <ClInclude Include="libs\imgui\backends\imgui_impl_opengl3.h">
      <Filter>Include Files\imgui</Filter>
    </ClInclude>
    <ClInclude Include="libs\imgui\imgui_internal.h">
      <Filter>Include Files\imgui</Filter>
    </ClInclude>
    <ClInclude Include="libs\implot\implot_internal.h">
      <Filter>Include Files\imgui</Filter>
    </ClInclude>
    <ClInclude Include="libs\imgui\imstb_rectpack.h">
      <Filter>Include Files\imgui</Filter>
    </ClInclude>
    <ClInclude Include="libs\imgui\imstb_textedit.h">
      <Filter>Include Files\imgui</Filter>
    </ClInclude>
    <ClInclude Include="libs\imgui\imstb_truetype.h">
      <Filter>Include Files\imgui</Filter>
    </ClInclude>
    <ClInclude Include="libs\jsoncpp\json\json.h">
      <Filter>Include Files\jsoncpp</Filter>
    </ClInclude>
    <ClInclude Include="libs\jsoncpp\json\json-forwards.h">
      <Filter>Include Files\jsoncpp</Filter>
    </ClInclude>
    <ClInclude Include="libs\implot\implot.h">
      <Filter>Include Files\implot</Filter>
    </ClInclude>
    <ClInclude Include="header\BoxerUI_View.h">
      <Filter>Header Files</Filter>
    </ClInclude>
    <ClInclude Include="header\BoxerUI_Controller.h">
      <Filter>Header Files</Filter>
    </ClInclude>
    <ClInclude Include="header\Boxer.h">
      <Filter>Header Files</Filter>
    </ClInclude>
    <ClInclude Include="header\CameraStream_View.h">
      <Filter>Header Files</Filter>
    </ClInclude>
    <ClInclude Include="header\TextTheme.h">
      <Filter>Header Files</Filter>
    </ClInclude>
    <ClInclude Include="header\BoxerUI_Model.h">
      <Filter>Header Files</Filter>
    </ClInclude>
    <ClInclude Include="header\Inputs_Model.h">
      <Filter>Header Files</Filter>
    </ClInclude>
  </ItemGroup>
  <ItemGroup>
    <ResourceCompile Include="src\BoxerUI.rc">
      <Filter>Resource Files</Filter>
    </ResourceCompile>
  </ItemGroup>
  <ItemGroup>
    <Font Include="resource\fonts\PantonDemo-Black.otf">
      <Filter>Resource Files</Filter>
    </Font>
  </ItemGroup>
</Project>